// !$*UTF8*$!
{
	archiveVersion = 1;
	classes = {
	};
	objectVersion = 54;
	objects = {

/* Begin PBXBuildFile section */
		DE93339827AB46C1003E2ED9 /* ManySheetsExampleApp.swift in Sources */ = {isa = PBXBuildFile; fileRef = DE93339727AB46C1003E2ED9 /* ManySheetsExampleApp.swift */; };
		DE93339A27AB46C1003E2ED9 /* ContentView.swift in Sources */ = {isa = PBXBuildFile; fileRef = DE93339927AB46C1003E2ED9 /* ContentView.swift */; };
		DE93339C27AB46C3003E2ED9 /* Assets.xcassets in Resources */ = {isa = PBXBuildFile; fileRef = DE93339B27AB46C3003E2ED9 /* Assets.xcassets */; };
		DE93339F27AB46C3003E2ED9 /* Preview Assets.xcassets in Resources */ = {isa = PBXBuildFile; fileRef = DE93339E27AB46C3003E2ED9 /* Preview Assets.xcassets */; };
		DED9966D27AB5E9300D9909C /* ManySheets in Frameworks */ = {isa = PBXBuildFile; productRef = DED9966C27AB5E9300D9909C /* ManySheets */; };
/* End PBXBuildFile section */

/* Begin PBXFileReference section */
		DE93339427AB46C1003E2ED9 /* ManySheetsExample.app */ = {isa = PBXFileReference; explicitFileType = wrapper.application; includeInIndex = 0; path = ManySheetsExample.app; sourceTree = BUILT_PRODUCTS_DIR; };
		DE93339727AB46C1003E2ED9 /* ManySheetsExampleApp.swift */ = {isa = PBXFileReference; lastKnownFileType = sourcecode.swift; path = ManySheetsExampleApp.swift; sourceTree = "<group>"; };
		DE93339927AB46C1003E2ED9 /* ContentView.swift */ = {isa = PBXFileReference; lastKnownFileType = sourcecode.swift; path = ContentView.swift; sourceTree = "<group>"; };
		DE93339B27AB46C3003E2ED9 /* Assets.xcassets */ = {isa = PBXFileReference; lastKnownFileType = folder.assetcatalog; path = Assets.xcassets; sourceTree = "<group>"; };
		DE93339E27AB46C3003E2ED9 /* Preview Assets.xcassets */ = {isa = PBXFileReference; lastKnownFileType = folder.assetcatalog; path = "Preview Assets.xcassets"; sourceTree = "<group>"; };
		DE9333A027AB46C3003E2ED9 /* Info.plist */ = {isa = PBXFileReference; lastKnownFileType = text.plist.xml; path = Info.plist; sourceTree = "<group>"; };
/* End PBXFileReference section */

/* Begin PBXFrameworksBuildPhase section */
		DE93339127AB46C1003E2ED9 /* Frameworks */ = {
			isa = PBXFrameworksBuildPhase;
			buildActionMask = 2147483647;
			files = (
				DED9966D27AB5E9300D9909C /* ManySheets in Frameworks */,
			);
			runOnlyForDeploymentPostprocessing = 0;
		};
/* End PBXFrameworksBuildPhase section */

/* Begin PBXGroup section */
		DE93338B27AB46C1003E2ED9 = {
			isa = PBXGroup;
			children = (
				DE93339627AB46C1003E2ED9 /* ManySheetsExample */,
				DE93339527AB46C1003E2ED9 /* Products */,
				DE9333CF27AB4BC6003E2ED9 /* Frameworks */,
			);
			sourceTree = "<group>";
		};
		DE93339527AB46C1003E2ED9 /* Products */ = {
			isa = PBXGroup;
			children = (
				DE93339427AB46C1003E2ED9 /* ManySheetsExample.app */,
			);
			name = Products;
			sourceTree = "<group>";
		};
		DE93339627AB46C1003E2ED9 /* ManySheetsExample */ = {
			isa = PBXGroup;
			children = (
				DE93339727AB46C1003E2ED9 /* ManySheetsExampleApp.swift */,
				DE93339927AB46C1003E2ED9 /* ContentView.swift */,
				DE93339B27AB46C3003E2ED9 /* Assets.xcassets */,
				DE9333A027AB46C3003E2ED9 /* Info.plist */,
				DE93339D27AB46C3003E2ED9 /* Preview Content */,
			);
			path = ManySheetsExample;
			sourceTree = "<group>";
		};
		DE93339D27AB46C3003E2ED9 /* Preview Content */ = {
			isa = PBXGroup;
			children = (
				DE93339E27AB46C3003E2ED9 /* Preview Assets.xcassets */,
			);
			path = "Preview Content";
			sourceTree = "<group>";
		};
		DE9333CF27AB4BC6003E2ED9 /* Frameworks */ = {
			isa = PBXGroup;
			children = (
			);
			name = Frameworks;
			sourceTree = "<group>";
		};
/* End PBXGroup section */

/* Begin PBXNativeTarget section */
		DE93339327AB46C1003E2ED9 /* ManySheetsExample */ = {
			isa = PBXNativeTarget;
			buildConfigurationList = DE9333A327AB46C3003E2ED9 /* Build configuration list for PBXNativeTarget "ManySheetsExample" */;
			buildPhases = (
				DE93339027AB46C1003E2ED9 /* Sources */,
				DE93339127AB46C1003E2ED9 /* Frameworks */,
				DE93339227AB46C1003E2ED9 /* Resources */,
			);
			buildRules = (
			);
			dependencies = (
			);
			name = ManySheetsExample;
			packageProductDependencies = (
				DED9966C27AB5E9300D9909C /* ManySheets */,
			);
			productName = ManySheetsExample;
			productReference = DE93339427AB46C1003E2ED9 /* ManySheetsExample.app */;
			productType = "com.apple.product-type.application";
		};
/* End PBXNativeTarget section */

/* Begin PBXProject section */
		DE93338C27AB46C1003E2ED9 /* Project object */ = {
			isa = PBXProject;
			attributes = {
				LastSwiftUpdateCheck = 1250;
				LastUpgradeCheck = 1250;
				TargetAttributes = {
					DE93339327AB46C1003E2ED9 = {
						CreatedOnToolsVersion = 12.5.1;
					};
				};
			};
			buildConfigurationList = DE93338F27AB46C1003E2ED9 /* Build configuration list for PBXProject "ManySheetsExample" */;
			compatibilityVersion = "Xcode 9.3";
			developmentRegion = en;
			hasScannedForEncodings = 0;
			knownRegions = (
				en,
				Base,
			);
			mainGroup = DE93338B27AB46C1003E2ED9;
			productRefGroup = DE93339527AB46C1003E2ED9 /* Products */;
			projectDirPath = "";
			projectRoot = "";
			targets = (
				DE93339327AB46C1003E2ED9 /* ManySheetsExample */,
			);
		};
/* End PBXProject section */

/* Begin PBXResourcesBuildPhase section */
		DE93339227AB46C1003E2ED9 /* Resources */ = {
			isa = PBXResourcesBuildPhase;
			buildActionMask = 2147483647;
			files = (
				DE93339F27AB46C3003E2ED9 /* Preview Assets.xcassets in Resources */,
				DE93339C27AB46C3003E2ED9 /* Assets.xcassets in Resources */,
			);
			runOnlyForDeploymentPostprocessing = 0;
		};
/* End PBXResourcesBuildPhase section */

/* Begin PBXSourcesBuildPhase section */
		DE93339027AB46C1003E2ED9 /* Sources */ = {
			isa = PBXSourcesBuildPhase;
			buildActionMask = 2147483647;
			files = (
				DE93339A27AB46C1003E2ED9 /* ContentView.swift in Sources */,
				DE93339827AB46C1003E2ED9 /* ManySheetsExampleApp.swift in Sources */,
			);
			runOnlyForDeploymentPostprocessing = 0;
		};
/* End PBXSourcesBuildPhase section */

/* Begin XCBuildConfiguration section */
		DE9333A127AB46C3003E2ED9 /* Debug */ = {
			isa = XCBuildConfiguration;
			buildSettings = {
				ALWAYS_SEARCH_USER_PATHS = NO;
				CLANG_ANALYZER_NONNULL = YES;
				CLANG_ANALYZER_NUMBER_OBJECT_CONVERSION = YES_AGGRESSIVE;
				CLANG_CXX_LANGUAGE_STANDARD = "gnu++14";
				CLANG_CXX_LIBRARY = "libc++";
				CLANG_ENABLE_MODULES = YES;
				CLANG_ENABLE_OBJC_ARC = YES;
				CLANG_ENABLE_OBJC_WEAK = YES;
				CLANG_WARN_BLOCK_CAPTURE_AUTORELEASING = YES;
				CLANG_WARN_BOOL_CONVERSION = YES;
				CLANG_WARN_COMMA = YES;
				CLANG_WARN_CONSTANT_CONVERSION = YES;
				CLANG_WARN_DEPRECATED_OBJC_IMPLEMENTATIONS = YES;
				CLANG_WARN_DIRECT_OBJC_ISA_USAGE = YES_ERROR;
				CLANG_WARN_DOCUMENTATION_COMMENTS = YES;
				CLANG_WARN_EMPTY_BODY = YES;
				CLANG_WARN_ENUM_CONVERSION = YES;
				CLANG_WARN_INFINITE_RECURSION = YES;
				CLANG_WARN_INT_CONVERSION = YES;
				CLANG_WARN_NON_LITERAL_NULL_CONVERSION = YES;
				CLANG_WARN_OBJC_IMPLICIT_RETAIN_SELF = YES;
				CLANG_WARN_OBJC_LITERAL_CONVERSION = YES;
				CLANG_WARN_OBJC_ROOT_CLASS = YES_ERROR;
				CLANG_WARN_QUOTED_INCLUDE_IN_FRAMEWORK_HEADER = YES;
				CLANG_WARN_RANGE_LOOP_ANALYSIS = YES;
				CLANG_WARN_STRICT_PROTOTYPES = YES;
				CLANG_WARN_SUSPICIOUS_MOVE = YES;
				CLANG_WARN_UNGUARDED_AVAILABILITY = YES_AGGRESSIVE;
				CLANG_WARN_UNREACHABLE_CODE = YES;
				CLANG_WARN__DUPLICATE_METHOD_MATCH = YES;
				COPY_PHASE_STRIP = NO;
				DEBUG_INFORMATION_FORMAT = dwarf;
				ENABLE_STRICT_OBJC_MSGSEND = YES;
				ENABLE_TESTABILITY = YES;
				GCC_C_LANGUAGE_STANDARD = gnu11;
				GCC_DYNAMIC_NO_PIC = NO;
				GCC_NO_COMMON_BLOCKS = YES;
				GCC_OPTIMIZATION_LEVEL = 0;
				GCC_PREPROCESSOR_DEFINITIONS = (
					"DEBUG=1",
					"$(inherited)",
				);
				GCC_WARN_64_TO_32_BIT_CONVERSION = YES;
				GCC_WARN_ABOUT_RETURN_TYPE = YES_ERROR;
				GCC_WARN_UNDECLARED_SELECTOR = YES;
				GCC_WARN_UNINITIALIZED_AUTOS = YES_AGGRESSIVE;
				GCC_WARN_UNUSED_FUNCTION = YES;
				GCC_WARN_UNUSED_VARIABLE = YES;
				IPHONEOS_DEPLOYMENT_TARGET = 14.5;
				MTL_ENABLE_DEBUG_INFO = INCLUDE_SOURCE;
				MTL_FAST_MATH = YES;
				ONLY_ACTIVE_ARCH = YES;
				SDKROOT = iphoneos;
				SWIFT_ACTIVE_COMPILATION_CONDITIONS = DEBUG;
				SWIFT_OPTIMIZATION_LEVEL = "-Onone";
			};
			name = Debug;
		};
		DE9333A227AB46C3003E2ED9 /* Release */ = {
			isa = XCBuildConfiguration;
			buildSettings = {
				ALWAYS_SEARCH_USER_PATHS = NO;
				CLANG_ANALYZER_NONNULL = YES;
				CLANG_ANALYZER_NUMBER_OBJECT_CONVERSION = YES_AGGRESSIVE;
				CLANG_CXX_LANGUAGE_STANDARD = "gnu++14";
				CLANG_CXX_LIBRARY = "libc++";
				CLANG_ENABLE_MODULES = YES;
				CLANG_ENABLE_OBJC_ARC = YES;
				CLANG_ENABLE_OBJC_WEAK = YES;
				CLANG_WARN_BLOCK_CAPTURE_AUTORELEASING = YES;
				CLANG_WARN_BOOL_CONVERSION = YES;
				CLANG_WARN_COMMA = YES;
				CLANG_WARN_CONSTANT_CONVERSION = YES;
				CLANG_WARN_DEPRECATED_OBJC_IMPLEMENTATIONS = YES;
				CLANG_WARN_DIRECT_OBJC_ISA_USAGE = YES_ERROR;
				CLANG_WARN_DOCUMENTATION_COMMENTS = YES;
				CLANG_WARN_EMPTY_BODY = YES;
				CLANG_WARN_ENUM_CONVERSION = YES;
				CLANG_WARN_INFINITE_RECURSION = YES;
				CLANG_WARN_INT_CONVERSION = YES;
				CLANG_WARN_NON_LITERAL_NULL_CONVERSION = YES;
				CLANG_WARN_OBJC_IMPLICIT_RETAIN_SELF = YES;
				CLANG_WARN_OBJC_LITERAL_CONVERSION = YES;
				CLANG_WARN_OBJC_ROOT_CLASS = YES_ERROR;
				CLANG_WARN_QUOTED_INCLUDE_IN_FRAMEWORK_HEADER = YES;
				CLANG_WARN_RANGE_LOOP_ANALYSIS = YES;
				CLANG_WARN_STRICT_PROTOTYPES = YES;
				CLANG_WARN_SUSPICIOUS_MOVE = YES;
				CLANG_WARN_UNGUARDED_AVAILABILITY = YES_AGGRESSIVE;
				CLANG_WARN_UNREACHABLE_CODE = YES;
				CLANG_WARN__DUPLICATE_METHOD_MATCH = YES;
				COPY_PHASE_STRIP = NO;
				DEBUG_INFORMATION_FORMAT = "dwarf-with-dsym";
				ENABLE_NS_ASSERTIONS = NO;
				ENABLE_STRICT_OBJC_MSGSEND = YES;
				GCC_C_LANGUAGE_STANDARD = gnu11;
				GCC_NO_COMMON_BLOCKS = YES;
				GCC_WARN_64_TO_32_BIT_CONVERSION = YES;
				GCC_WARN_ABOUT_RETURN_TYPE = YES_ERROR;
				GCC_WARN_UNDECLARED_SELECTOR = YES;
				GCC_WARN_UNINITIALIZED_AUTOS = YES_AGGRESSIVE;
				GCC_WARN_UNUSED_FUNCTION = YES;
				GCC_WARN_UNUSED_VARIABLE = YES;
				IPHONEOS_DEPLOYMENT_TARGET = 14.5;
				MTL_ENABLE_DEBUG_INFO = NO;
				MTL_FAST_MATH = YES;
				SDKROOT = iphoneos;
				SWIFT_COMPILATION_MODE = wholemodule;
				SWIFT_OPTIMIZATION_LEVEL = "-O";
				VALIDATE_PRODUCT = YES;
			};
			name = Release;
		};
		DE9333A427AB46C3003E2ED9 /* Debug */ = {
			isa = XCBuildConfiguration;
			buildSettings = {
				ASSETCATALOG_COMPILER_APPICON_NAME = AppIcon;
				ASSETCATALOG_COMPILER_GLOBAL_ACCENT_COLOR_NAME = AccentColor;
				CODE_SIGN_STYLE = Automatic;
				DEVELOPMENT_ASSET_PATHS = "\"ManySheetsExample/Preview Content\"";
				DEVELOPMENT_TEAM = 7YFWG6J4YR;
				ENABLE_PREVIEWS = YES;
				INFOPLIST_FILE = ManySheetsExample/Info.plist;
				IPHONEOS_DEPLOYMENT_TARGET = 16.0;
				LD_RUNPATH_SEARCH_PATHS = (
					"$(inherited)",
					"@executable_path/Frameworks",
				);
				PRODUCT_BUNDLE_IDENTIFIER = com.glennbrannelly.ManySheetsExample;
				PRODUCT_NAME = "$(TARGET_NAME)";
				SWIFT_VERSION = 5.0;
				TARGETED_DEVICE_FAMILY = "1,2";
			};
			name = Debug;
		};
		DE9333A527AB46C3003E2ED9 /* Release */ = {
			isa = XCBuildConfiguration;
			buildSettings = {
				ASSETCATALOG_COMPILER_APPICON_NAME = AppIcon;
				ASSETCATALOG_COMPILER_GLOBAL_ACCENT_COLOR_NAME = AccentColor;
				CODE_SIGN_STYLE = Automatic;
				DEVELOPMENT_ASSET_PATHS = "\"ManySheetsExample/Preview Content\"";
				DEVELOPMENT_TEAM = 7YFWG6J4YR;
				ENABLE_PREVIEWS = YES;
				INFOPLIST_FILE = ManySheetsExample/Info.plist;
				IPHONEOS_DEPLOYMENT_TARGET = 16.0;
				LD_RUNPATH_SEARCH_PATHS = (
					"$(inherited)",
					"@executable_path/Frameworks",
				);
				PRODUCT_BUNDLE_IDENTIFIER = com.glennbrannelly.ManySheetsExample;
				PRODUCT_NAME = "$(TARGET_NAME)";
				SWIFT_VERSION = 5.0;
				TARGETED_DEVICE_FAMILY = "1,2";
			};
			name = Release;
		};
/* End XCBuildConfiguration section */

/* Begin XCConfigurationList section */
		DE93338F27AB46C1003E2ED9 /* Build configuration list for PBXProject "ManySheetsExample" */ = {
			isa = XCConfigurationList;
			buildConfigurations = (
				DE9333A127AB46C3003E2ED9 /* Debug */,
				DE9333A227AB46C3003E2ED9 /* Release */,
			);
			defaultConfigurationIsVisible = 0;
			defaultConfigurationName = Release;
		};
		DE9333A327AB46C3003E2ED9 /* Build configuration list for PBXNativeTarget "ManySheetsExample" */ = {
			isa = XCConfigurationList;
			buildConfigurations = (
				DE9333A427AB46C3003E2ED9 /* Debug */,
				DE9333A527AB46C3003E2ED9 /* Release */,
			);
			defaultConfigurationIsVisible = 0;
			defaultConfigurationName = Release;
		};
/* End XCConfigurationList section */

/* Begin XCSwiftPackageProductDependency section */
		DED9966C27AB5E9300D9909C /* ManySheets */ = {
			isa = XCSwiftPackageProductDependency;
			productName = ManySheets;
		};
/* End XCSwiftPackageProductDependency section */
	};
	rootObject = DE93338C27AB46C1003E2ED9 /* Project object */;
}
